
Microsoft Visual Studio Solution File, Format Version 12.00
# Visual Studio 2017
Project("{FAE04EC0-301F-11D3-BF4B-00C04F79EFBC}") = "Drop The Ball", "Drop The Ball.csproj", "{2DB91C4B-CC05-009F-58A3-F10DE02B8760}"
EndProject
Global
	GlobalSection(SolutionConfigurationPlatforms) = preSolution
		Debug|Any CPU = Debug|Any CPU
		Release|Any CPU = Release|Any CPU
	EndGlobalSection
	GlobalSection(ProjectConfigurationPlatforms) = postSolution
		{2DB91C4B-CC05-009F-58A3-F10DE02B8760}.Debug|Any CPU.ActiveCfg = Debug|Any CPU
		{2DB91C4B-CC05-009F-58A3-F10DE02B8760}.Debug|Any CPU.Build.0 = Debug|Any CPU
		{2DB91C4B-CC05-009F-58A3-F10DE02B8760}.Release|Any CPU.ActiveCfg = Release|Any CPU
		{2DB91C4B-CC05-009F-58A3-F10DE02B8760}.Release|Any CPU.Build.0 = Release|Any CPU
	EndGlobalSection
	GlobalSection(SolutionProperties) = preSolution
		HideSolutionNode = FALSE
	EndGlobalSection
EndGlobal
